
Microsoft Visual Studio Solution File, Format Version 12.00
# Visual Studio 15
VisualStudioVersion = 15.0.28307.645
MinimumVisualStudioVersion = 10.0.40219.1
Project("{8BC9CEB8-8B4A-11D0-8D11-00A0C91BC942}") = "akoLAB2", "akoLAB2\akoLAB2.vcxproj", "{7A528042-E330-43F9-AA30-E36753EBF785}"
EndProject
Global
	GlobalSection(SolutionConfigurationPlatforms) = preSolution
		Debug|x64 = Debug|x64
		Debug|x86 = Debug|x86
		Release|x64 = Release|x64
		Release|x86 = Release|x86
	EndGlobalSection
	GlobalSection(ProjectConfigurationPlatforms) = postSolution
		{7A528042-E330-43F9-AA30-E36753EBF785}.Debug|x64.ActiveCfg = Debug|x64
		{7A528042-E330-43F9-AA30-E36753EBF785}.Debug|x64.Build.0 = Debug|x64
		{7A528042-E330-43F9-AA30-E36753EBF785}.Debug|x86.ActiveCfg = Debug|Win32
		{7A528042-E330-43F9-AA30-E36753EBF785}.Debug|x86.Build.0 = Debug|Win32
		{7A528042-E330-43F9-AA30-E36753EBF785}.Release|x64.ActiveCfg = Release|x64
		{7A528042-E330-43F9-AA30-E36753EBF785}.Release|x64.Build.0 = Release|x64
		{7A528042-E330-43F9-AA30-E36753EBF785}.Release|x86.ActiveCfg = Release|Win32
		{7A528042-E330-43F9-AA30-E36753EBF785}.Release|x86.Build.0 = Release|Win32
	EndGlobalSection
	GlobalSection(SolutionProperties) = preSolution
		HideSolutionNode = FALSE
	EndGlobalSection
	GlobalSection(ExtensibilityGlobals) = postSolution
		SolutionGuid = {36809A9D-610F-43EE-8A51-158CACF9C3C8}
	EndGlobalSection
EndGlobal
